
Microsoft Visual Studio Solution File, Format Version 12.00
# Visual Studio Version 17
VisualStudioVersion = 17.13.35919.96
MinimumVisualStudioVersion = 10.0.40219.1
Project("{FAE04EC0-301F-11D3-BF4B-00C04F79EFBC}") = "F1StatsAPI", "F1StatsAPI\F1StatsAPI.csproj", "{DF16CE2C-99E3-41B3-9586-54CB031BBC31}"
EndProject
Project("{FAE04EC0-301F-11D3-BF4B-00C04F79EFBC}") = "F1StatsAPI.UnitTests", "F1StatsAPI.UnitTests\F1StatsAPI.UnitTests.csproj", "{5336F765-7950-4618-8B12-86B5EA0AB2F2}"
EndProject
Global
	GlobalSection(SolutionConfigurationPlatforms) = preSolution
		Debug|Any CPU = Debug|Any CPU
		Release|Any CPU = Release|Any CPU
	EndGlobalSection
	GlobalSection(ProjectConfigurationPlatforms) = postSolution
		{DF16CE2C-99E3-41B3-9586-54CB031BBC31}.Debug|Any CPU.ActiveCfg = Debug|Any CPU
		{DF16CE2C-99E3-41B3-9586-54CB031BBC31}.Debug|Any CPU.Build.0 = Debug|Any CPU
		{DF16CE2C-99E3-41B3-9586-54CB031BBC31}.Release|Any CPU.ActiveCfg = Release|Any CPU
		{DF16CE2C-99E3-41B3-9586-54CB031BBC31}.Release|Any CPU.Build.0 = Release|Any CPU
		{5336F765-7950-4618-8B12-86B5EA0AB2F2}.Debug|Any CPU.ActiveCfg = Debug|Any CPU
		{5336F765-7950-4618-8B12-86B5EA0AB2F2}.Debug|Any CPU.Build.0 = Debug|Any CPU
		{5336F765-7950-4618-8B12-86B5EA0AB2F2}.Release|Any CPU.ActiveCfg = Release|Any CPU
		{5336F765-7950-4618-8B12-86B5EA0AB2F2}.Release|Any CPU.Build.0 = Release|Any CPU
	EndGlobalSection
	GlobalSection(SolutionProperties) = preSolution
		HideSolutionNode = FALSE
	EndGlobalSection
	GlobalSection(ExtensibilityGlobals) = postSolution
		SolutionGuid = {F1CA8D92-9225-4A64-8F54-710076A3D110}
	EndGlobalSection
EndGlobal
